
Microsoft Visual Studio Solution File, Format Version 12.00
# Visual Studio Version 17
VisualStudioVersion = 17.11.35222.181
MinimumVisualStudioVersion = 10.0.40219.1
Project("{9A19103F-16F7-4668-BE54-9A1E7A4F7556}") = "BlazorComponent", "BlazorComponent.csproj", "{2837D421-0D4D-4E38-857E-F4861EFAAD6E}"
EndProject
Global
	GlobalSection(SolutionConfigurationPlatforms) = preSolution
		Debug|Any CPU = Debug|Any CPU
		Release|Any CPU = Release|Any CPU
	EndGlobalSection
	GlobalSection(ProjectConfigurationPlatforms) = postSolution
		{2837D421-0D4D-4E38-857E-F4861EFAAD6E}.Debug|Any CPU.ActiveCfg = Debug|Any CPU
		{2837D421-0D4D-4E38-857E-F4861EFAAD6E}.Debug|Any CPU.Build.0 = Debug|Any CPU
		{2837D421-0D4D-4E38-857E-F4861EFAAD6E}.Release|Any CPU.ActiveCfg = Release|Any CPU
		{2837D421-0D4D-4E38-857E-F4861EFAAD6E}.Release|Any CPU.Build.0 = Release|Any CPU
	EndGlobalSection
	GlobalSection(SolutionProperties) = preSolution
		HideSolutionNode = FALSE
	EndGlobalSection
	GlobalSection(ExtensibilityGlobals) = postSolution
		SolutionGuid = {821B6927-B7F7-4810-81C3-4B297CA47E04}
	EndGlobalSection
EndGlobal
